
Microsoft Visual Studio Solution File, Format Version 12.00
# Visual Studio Version 16
VisualStudioVersion = 16.0.32929.386
MinimumVisualStudioVersion = 10.0.40219.1
Project("{FAE04EC0-301F-11D3-BF4B-00C04F79EFBC}") = "MQTTPublisher", "MQTTPublisher\MQTTPublisher.csproj", "{ADF135BC-7DE9-4FDD-887D-73B73B552F22}"
EndProject
Global
	GlobalSection(SolutionConfigurationPlatforms) = preSolution
		Debug|Any CPU = Debug|Any CPU
		Release|Any CPU = Release|Any CPU
	EndGlobalSection
	GlobalSection(ProjectConfigurationPlatforms) = postSolution
		{ADF135BC-7DE9-4FDD-887D-73B73B552F22}.Debug|Any CPU.ActiveCfg = Debug|Any CPU
		{ADF135BC-7DE9-4FDD-887D-73B73B552F22}.Debug|Any CPU.Build.0 = Debug|Any CPU
		{ADF135BC-7DE9-4FDD-887D-73B73B552F22}.Release|Any CPU.ActiveCfg = Release|Any CPU
		{ADF135BC-7DE9-4FDD-887D-73B73B552F22}.Release|Any CPU.Build.0 = Release|Any CPU
	EndGlobalSection
	GlobalSection(SolutionProperties) = preSolution
		HideSolutionNode = FALSE
	EndGlobalSection
	GlobalSection(ExtensibilityGlobals) = postSolution
		SolutionGuid = {B6337426-8226-4008-95A0-604A2CC4447C}
	EndGlobalSection
EndGlobal
