
Microsoft Visual Studio Solution File, Format Version 12.00
# Visual Studio Version 17
VisualStudioVersion = 17.4.33103.184
MinimumVisualStudioVersion = 10.0.40219.1
Project("{FAE04EC0-301F-11D3-BF4B-00C04F79EFBC}") = "mToiletAPI", "mToiletAPI\mToiletAPI.csproj", "{03E9D543-67AA-4341-9FD3-E78A06436431}"
EndProject
Global
	GlobalSection(SolutionConfigurationPlatforms) = preSolution
		Debug|Any CPU = Debug|Any CPU
		Release|Any CPU = Release|Any CPU
	EndGlobalSection
	GlobalSection(ProjectConfigurationPlatforms) = postSolution
		{03E9D543-67AA-4341-9FD3-E78A06436431}.Debug|Any CPU.ActiveCfg = Debug|Any CPU
		{03E9D543-67AA-4341-9FD3-E78A06436431}.Debug|Any CPU.Build.0 = Debug|Any CPU
		{03E9D543-67AA-4341-9FD3-E78A06436431}.Release|Any CPU.ActiveCfg = Release|Any CPU
		{03E9D543-67AA-4341-9FD3-E78A06436431}.Release|Any CPU.Build.0 = Release|Any CPU
	EndGlobalSection
	GlobalSection(SolutionProperties) = preSolution
		HideSolutionNode = FALSE
	EndGlobalSection
	GlobalSection(ExtensibilityGlobals) = postSolution
		SolutionGuid = {F3FC7A6D-A9AA-4F92-8CB2-3D91C07DDD7A}
	EndGlobalSection
EndGlobal
